
Microsoft Visual Studio Solution File, Format Version 12.00
# Visual Studio Version 17
VisualStudioVersion = 17.9.34723.18
MinimumVisualStudioVersion = 10.0.40219.1
Project("{FAE04EC0-301F-11D3-BF4B-00C04F79EFBC}") = "SantiagoCordova-Clase2MVC", "SantiagoCordova-Clase2MVC\SantiagoCordova-Clase2MVC.csproj", "{DFCB9468-7387-41B0-A458-A8F75219CC36}"
EndProject
Global
	GlobalSection(SolutionConfigurationPlatforms) = preSolution
		Debug|Any CPU = Debug|Any CPU
		Release|Any CPU = Release|Any CPU
	EndGlobalSection
	GlobalSection(ProjectConfigurationPlatforms) = postSolution
		{DFCB9468-7387-41B0-A458-A8F75219CC36}.Debug|Any CPU.ActiveCfg = Debug|Any CPU
		{DFCB9468-7387-41B0-A458-A8F75219CC36}.Debug|Any CPU.Build.0 = Debug|Any CPU
		{DFCB9468-7387-41B0-A458-A8F75219CC36}.Release|Any CPU.ActiveCfg = Release|Any CPU
		{DFCB9468-7387-41B0-A458-A8F75219CC36}.Release|Any CPU.Build.0 = Release|Any CPU
	EndGlobalSection
	GlobalSection(SolutionProperties) = preSolution
		HideSolutionNode = FALSE
	EndGlobalSection
	GlobalSection(ExtensibilityGlobals) = postSolution
		SolutionGuid = {39892F16-6E5E-409D-9ED6-3098EFC55B91}
	EndGlobalSection
EndGlobal
